
Microsoft Visual Studio Solution File, Format Version 12.00
# Visual Studio Version 16
VisualStudioVersion = 16.0.31410.357
MinimumVisualStudioVersion = 10.0.40219.1
Project("{FAE04EC0-301F-11D3-BF4B-00C04F79EFBC}") = "WebChuyennganh", "WebChuyennganh.csproj", "{3D422CBF-71F4-4306-9B76-08C0303A97AD}"
EndProject
Global
	GlobalSection(SolutionConfigurationPlatforms) = preSolution
		Debug|Any CPU = Debug|Any CPU
		Release|Any CPU = Release|Any CPU
	EndGlobalSection
	GlobalSection(ProjectConfigurationPlatforms) = postSolution
		{3D422CBF-71F4-4306-9B76-08C0303A97AD}.Debug|Any CPU.ActiveCfg = Debug|Any CPU
		{3D422CBF-71F4-4306-9B76-08C0303A97AD}.Debug|Any CPU.Build.0 = Debug|Any CPU
		{3D422CBF-71F4-4306-9B76-08C0303A97AD}.Release|Any CPU.ActiveCfg = Release|Any CPU
		{3D422CBF-71F4-4306-9B76-08C0303A97AD}.Release|Any CPU.Build.0 = Release|Any CPU
	EndGlobalSection
	GlobalSection(SolutionProperties) = preSolution
		HideSolutionNode = FALSE
	EndGlobalSection
	GlobalSection(ExtensibilityGlobals) = postSolution
		SolutionGuid = {6F45A967-50F2-47C7-9E6A-35F9D1A1D9CF}
	EndGlobalSection
EndGlobal
